
Microsoft Visual Studio Solution File, Format Version 11.00
# Visual Studio 2010
Project("{8BC9CEB8-8B4A-11D0-8D11-00A0C91BC942}") = "电路计算工具", "电路计算工具.vcxproj", "{470CC808-BB7E-72FF-974C-C8D7AC479ECC}"
EndProject
Global
	GlobalSection(SolutionConfigurationPlatforms) = preSolution
		Debug|Win32 = Debug|Win32
		Release|Win32 = Release|Win32
	EndGlobalSection
	GlobalSection(ProjectConfigurationPlatforms) = postSolution
		{470CC808-BB7E-72FF-974C-C8D7AC479ECC}.Debug|Win32.ActiveCfg = Debug|Win32
		{470CC808-BB7E-72FF-974C-C8D7AC479ECC}.Debug|Win32.Build.0 = Debug|Win32
		{470CC808-BB7E-72FF-974C-C8D7AC479ECC}.Release|Win32.ActiveCfg = Release|Win32
		{470CC808-BB7E-72FF-974C-C8D7AC479ECC}.Release|Win32.Build.0 = Release|Win32
	EndGlobalSection
	GlobalSection(SolutionProperties) = preSolution
		HideSolutionNode = FALSE
	EndGlobalSection
EndGlobal
